// !$*UTF8*$!
{
	archiveVersion = 1;
	classes = {
	};
	objectVersion = 56;
	objects = {

/* Begin PBXBuildFile section */
		E233E3A429511054001870F8 /* Date+Abbreviated.swift in Sources */ = {isa = PBXBuildFile; fileRef = E233E3A329511054001870F8 /* Date+Abbreviated.swift */; };
		E234688529574E1000EBDB57 /* AttributionFooterView.swift in Sources */ = {isa = PBXBuildFile; fileRef = E234688429574E1000EBDB57 /* AttributionFooterView.swift */; };
		E2364D62295B1A7F0038FC50 /* Lottie in Frameworks */ = {isa = PBXBuildFile; productRef = E2364D61295B1A7F0038FC50 /* Lottie */; };
		E2364D65295B1ACC0038FC50 /* LottieView.swift in Sources */ = {isa = PBXBuildFile; fileRef = E2364D64295B1ACC0038FC50 /* LottieView.swift */; };
		E2364D67295B1E4F0038FC50 /* TestLottieView.swift in Sources */ = {isa = PBXBuildFile; fileRef = E2364D66295B1E4F0038FC50 /* TestLottieView.swift */; };
		E2364D69295B1EC20038FC50 /* weather-icon-mostly-sunny.json in Resources */ = {isa = PBXBuildFile; fileRef = E2364D68295B1EC20038FC50 /* weather-icon-mostly-sunny.json */; };
		E2364D6D295C9B0E0038FC50 /* LocationRequestView.swift in Sources */ = {isa = PBXBuildFile; fileRef = E2364D6C295C9B0E0038FC50 /* LocationRequestView.swift */; };
		E23A6D5629633B7A00A5FB3C /* HomeView.swift in Sources */ = {isa = PBXBuildFile; fileRef = E23A6D5529633B7A00A5FB3C /* HomeView.swift */; };
		E23A6D58296340E100A5FB3C /* ErrorView.swift in Sources */ = {isa = PBXBuildFile; fileRef = E23A6D57296340E100A5FB3C /* ErrorView.swift */; };
		E23A6D6C2966E9F700A5FB3C /* Double+ToInt.swift in Sources */ = {isa = PBXBuildFile; fileRef = E23A6D6B2966E9F700A5FB3C /* Double+ToInt.swift */; };
		E23A6D6E296B6D7C00A5FB3C /* MainView.swift in Sources */ = {isa = PBXBuildFile; fileRef = E23A6D6D296B6D7C00A5FB3C /* MainView.swift */; };
		E23A6D70296B6FCA00A5FB3C /* FavoriteView.swift in Sources */ = {isa = PBXBuildFile; fileRef = E23A6D6F296B6FCA00A5FB3C /* FavoriteView.swift */; };
		E23A6D72296B6FE800A5FB3C /* SettingsView.swift in Sources */ = {isa = PBXBuildFile; fileRef = E23A6D71296B6FE800A5FB3C /* SettingsView.swift */; };
		E23A6D78296C0E1800A5FB3C /* CurrentForecastView.swift in Sources */ = {isa = PBXBuildFile; fileRef = E23A6D77296C0E1800A5FB3C /* CurrentForecastView.swift */; };
		E23A6D7A296C112B00A5FB3C /* Color+FromHex.swift in Sources */ = {isa = PBXBuildFile; fileRef = E23A6D79296C112B00A5FB3C /* Color+FromHex.swift */; };
		E24579F72957568000794889 /* HourlyForecastChartView.swift in Sources */ = {isa = PBXBuildFile; fileRef = E24579F62957568000794889 /* HourlyForecastChartView.swift */; };
		E24579F9295756BE00794889 /* DailyForecastView.swift in Sources */ = {isa = PBXBuildFile; fileRef = E24579F8295756BE00794889 /* DailyForecastView.swift */; };
		E24579FB2957613000794889 /* Style.swift in Sources */ = {isa = PBXBuildFile; fileRef = E24579FA2957613000794889 /* Style.swift */; };
		E24579FF29576CCE00794889 /* WeatherModel.swift in Sources */ = {isa = PBXBuildFile; fileRef = E24579FE29576CCE00794889 /* WeatherModel.swift */; };
		E2457A0129576DC300794889 /* Place.swift in Sources */ = {isa = PBXBuildFile; fileRef = E2457A0029576DC300794889 /* Place.swift */; };
		E2457A0829577CC200794889 /* JSONFileLoader.swift in Sources */ = {isa = PBXBuildFile; fileRef = E2457A0629577CC200794889 /* JSONFileLoader.swift */; };
		E2457A1629577CCF00794889 /* NetworkReachabilityManager.swift in Sources */ = {isa = PBXBuildFile; fileRef = E2457A0A29577CCF00794889 /* NetworkReachabilityManager.swift */; };
		E2457A1729577CCF00794889 /* AppStoreReviewNotifier.swift in Sources */ = {isa = PBXBuildFile; fileRef = E2457A0C29577CCF00794889 /* AppStoreReviewNotifier.swift */; };
		E2457A1829577CCF00794889 /* ReviewDesirableMomentType.swift in Sources */ = {isa = PBXBuildFile; fileRef = E2457A0D29577CCF00794889 /* ReviewDesirableMomentType.swift */; };
		E2457A1929577CCF00794889 /* StoreReviewConfig.swift in Sources */ = {isa = PBXBuildFile; fileRef = E2457A0E29577CCF00794889 /* StoreReviewConfig.swift */; };
		E2457A1A29577CCF00794889 /* AppStoreReviewManager.swift in Sources */ = {isa = PBXBuildFile; fileRef = E2457A0F29577CCF00794889 /* AppStoreReviewManager.swift */; };
		E2457A1B29577CCF00794889 /* AppStoreReviewStorageKey.swift in Sources */ = {isa = PBXBuildFile; fileRef = E2457A1029577CCF00794889 /* AppStoreReviewStorageKey.swift */; };
		E2457A1C29577CCF00794889 /* AppStoreReviewObserverEventResponder.swift in Sources */ = {isa = PBXBuildFile; fileRef = E2457A1229577CCF00794889 /* AppStoreReviewObserverEventResponder.swift */; };
		E2457A1D29577CCF00794889 /* AppStoreReviewUserInfoKey.swift in Sources */ = {isa = PBXBuildFile; fileRef = E2457A1329577CCF00794889 /* AppStoreReviewUserInfoKey.swift */; };
		E2457A1E29577CCF00794889 /* AppStoreReviewNotificationName.swift in Sources */ = {isa = PBXBuildFile; fileRef = E2457A1429577CCF00794889 /* AppStoreReviewNotificationName.swift */; };
		E2457A1F29577CCF00794889 /* AppStoreReviewObserver.swift in Sources */ = {isa = PBXBuildFile; fileRef = E2457A1529577CCF00794889 /* AppStoreReviewObserver.swift */; };
		E2457A2229577D8200794889 /* Reachability in Frameworks */ = {isa = PBXBuildFile; productRef = E2457A2129577D8200794889 /* Reachability */; };
		E2457A2729577FE400794889 /* Bundle+ApplicationInfo.swift in Sources */ = {isa = PBXBuildFile; fileRef = E2457A2629577FE400794889 /* Bundle+ApplicationInfo.swift */; };
		E2457A292957801200794889 /* InvalidReference.swift in Sources */ = {isa = PBXBuildFile; fileRef = E2457A282957801200794889 /* InvalidReference.swift */; };
		E2457A2B2958CF9200794889 /* DataDecoder.swift in Sources */ = {isa = PBXBuildFile; fileRef = E2457A2A2958CF9200794889 /* DataDecoder.swift */; };
		E2457A2D2958D3FB00794889 /* mock_places.json in Resources */ = {isa = PBXBuildFile; fileRef = E2457A2C2958D3FB00794889 /* mock_places.json */; };
		E2457A302958E49800794889 /* PlaceData.swift in Sources */ = {isa = PBXBuildFile; fileRef = E2457A2F2958E49800794889 /* PlaceData.swift */; };
		E2457A322958EA7100794889 /* PlistFileLoader.swift in Sources */ = {isa = PBXBuildFile; fileRef = E2457A312958EA7100794889 /* PlistFileLoader.swift */; };
		E2457A342958EAF900794889 /* StoreReviewConfig.plist in Resources */ = {isa = PBXBuildFile; fileRef = E2457A332958EAF900794889 /* StoreReviewConfig.plist */; };
		E2457A372958EE2000794889 /* UserDefaultsWrapped.swift in Sources */ = {isa = PBXBuildFile; fileRef = E2457A362958EE2000794889 /* UserDefaultsWrapped.swift */; };
		E2457A392958EE2500794889 /* UserDefaultsWrappedKey.swift in Sources */ = {isa = PBXBuildFile; fileRef = E2457A382958EE2500794889 /* UserDefaultsWrappedKey.swift */; };
		E271BB39296ED9830003268C /* CurrentConditionView.swift in Sources */ = {isa = PBXBuildFile; fileRef = E271BB38296ED9830003268C /* CurrentConditionView.swift */; };
		E271BB3B296EDA3B0003268C /* CurrentConditionDetailsView.swift in Sources */ = {isa = PBXBuildFile; fileRef = E271BB3A296EDA3B0003268C /* CurrentConditionDetailsView.swift */; };
		E27BECD029706F9600CABE47 /* WeatherViewModel.swift in Sources */ = {isa = PBXBuildFile; fileRef = E27BECCF29706F9600CABE47 /* WeatherViewModel.swift */; };
		E27BECD229706FA900CABE47 /* HourlyForecastChartViewModel.swift in Sources */ = {isa = PBXBuildFile; fileRef = E27BECD129706FA900CABE47 /* HourlyForecastChartViewModel.swift */; };
		E27BECD42972D04C00CABE47 /* WelcomeView.swift in Sources */ = {isa = PBXBuildFile; fileRef = E27BECD32972D04C00CABE47 /* WelcomeView.swift */; };
		E27BECD62972E24300CABE47 /* LocationServiceStatusView.swift in Sources */ = {isa = PBXBuildFile; fileRef = E27BECD52972E24300CABE47 /* LocationServiceStatusView.swift */; };
		E27BECD82972EE0600CABE47 /* OnbaoardingManager.swift in Sources */ = {isa = PBXBuildFile; fileRef = E27BECD72972EE0600CABE47 /* OnbaoardingManager.swift */; };
		E27BECDA2972EEAD00CABE47 /* NetworkServiceStatusView.swift in Sources */ = {isa = PBXBuildFile; fileRef = E27BECD92972EEAD00CABE47 /* NetworkServiceStatusView.swift */; };
		E27BECDC29746EA700CABE47 /* DailyForecastViewModel.swift in Sources */ = {isa = PBXBuildFile; fileRef = E27BECDB29746EA700CABE47 /* DailyForecastViewModel.swift */; };
		E27BECDE297479A100CABE47 /* HomeViewModel.swift in Sources */ = {isa = PBXBuildFile; fileRef = E27BECDD297479A100CABE47 /* HomeViewModel.swift */; };
		E2A72A03293B8F4A00A01544 /* LucidApp.swift in Sources */ = {isa = PBXBuildFile; fileRef = E2A72A02293B8F4A00A01544 /* LucidApp.swift */; };
		E2A72A07293B8F4B00A01544 /* Assets.xcassets in Resources */ = {isa = PBXBuildFile; fileRef = E2A72A06293B8F4B00A01544 /* Assets.xcassets */; };
		E2A72A0A293B8F4B00A01544 /* Preview Assets.xcassets in Resources */ = {isa = PBXBuildFile; fileRef = E2A72A09293B8F4B00A01544 /* Preview Assets.xcassets */; };
		E2A72A14293B8F4B00A01544 /* LucidTests.swift in Sources */ = {isa = PBXBuildFile; fileRef = E2A72A13293B8F4B00A01544 /* LucidTests.swift */; };
		E2A72A1E293B8F4B00A01544 /* LucidUITests.swift in Sources */ = {isa = PBXBuildFile; fileRef = E2A72A1D293B8F4B00A01544 /* LucidUITests.swift */; };
		E2A72A20293B8F4B00A01544 /* LucidUITestsLaunchTests.swift in Sources */ = {isa = PBXBuildFile; fileRef = E2A72A1F293B8F4B00A01544 /* LucidUITestsLaunchTests.swift */; };
		E2A72A3C293B8FA600A01544 /* HTTPClient.swift in Sources */ = {isa = PBXBuildFile; fileRef = E2A72A32293B8FA600A01544 /* HTTPClient.swift */; };
		E2A72A3D293B8FA600A01544 /* RequestMethod.swift in Sources */ = {isa = PBXBuildFile; fileRef = E2A72A33293B8FA600A01544 /* RequestMethod.swift */; };
		E2A72A3E293B8FA600A01544 /* RequestError.swift in Sources */ = {isa = PBXBuildFile; fileRef = E2A72A34293B8FA600A01544 /* RequestError.swift */; };
		E2A72A3F293B8FA600A01544 /* Endpoint.swift in Sources */ = {isa = PBXBuildFile; fileRef = E2A72A35293B8FA600A01544 /* Endpoint.swift */; };
		E2A72A40293B8FA600A01544 /* LocationManager.swift in Sources */ = {isa = PBXBuildFile; fileRef = E2A72A36293B8FA600A01544 /* LocationManager.swift */; };
		E2A72A44293B916800A01544 /* NetworkService.swift in Sources */ = {isa = PBXBuildFile; fileRef = E2A72A43293B916800A01544 /* NetworkService.swift */; };
		E2A72A492944DAE600A01544 /* WeatherServiceable.swift in Sources */ = {isa = PBXBuildFile; fileRef = E2A72A482944DAE600A01544 /* WeatherServiceable.swift */; };
		E2A72A4B2944DB9B00A01544 /* WeatherEndpoint.swift in Sources */ = {isa = PBXBuildFile; fileRef = E2A72A4A2944DB9B00A01544 /* WeatherEndpoint.swift */; };
		E2DF15E92975DBC900E1F9DE /* YourLocationView.swift in Sources */ = {isa = PBXBuildFile; fileRef = E2DF15E82975DBC900E1F9DE /* YourLocationView.swift */; };
		E2E326F9296C842E003690CD /* mock_apple_weather_attribution.json in Resources */ = {isa = PBXBuildFile; fileRef = E2E326F5296C842E003690CD /* mock_apple_weather_attribution.json */; };
		E2E326FA296C842E003690CD /* mock_san_francisco_daily_weather.json in Resources */ = {isa = PBXBuildFile; fileRef = E2E326F6296C842E003690CD /* mock_san_francisco_daily_weather.json */; };
		E2E326FB296C842E003690CD /* mock_san_francisco_hourly_weather.json in Resources */ = {isa = PBXBuildFile; fileRef = E2E326F7296C842E003690CD /* mock_san_francisco_hourly_weather.json */; };
		E2E326FC296C842E003690CD /* mock_san_francisco_current_weather.json in Resources */ = {isa = PBXBuildFile; fileRef = E2E326F8296C842E003690CD /* mock_san_francisco_current_weather.json */; };
		E2E326FE296CB805003690CD /* DayDurationProgressView.swift in Sources */ = {isa = PBXBuildFile; fileRef = E2E326FD296CB805003690CD /* DayDurationProgressView.swift */; };
/* End PBXBuildFile section */

/* Begin PBXContainerItemProxy section */
		E2A72A10293B8F4B00A01544 /* PBXContainerItemProxy */ = {
			isa = PBXContainerItemProxy;
			containerPortal = E2A729F7293B8F4A00A01544 /* Project object */;
			proxyType = 1;
			remoteGlobalIDString = E2A729FE293B8F4A00A01544;
			remoteInfo = Lucid;
		};
		E2A72A1A293B8F4B00A01544 /* PBXContainerItemProxy */ = {
			isa = PBXContainerItemProxy;
			containerPortal = E2A729F7293B8F4A00A01544 /* Project object */;
			proxyType = 1;
			remoteGlobalIDString = E2A729FE293B8F4A00A01544;
			remoteInfo = Lucid;
		};
/* End PBXContainerItemProxy section */

/* Begin PBXFileReference section */
		E233E3A329511054001870F8 /* Date+Abbreviated.swift */ = {isa = PBXFileReference; lastKnownFileType = sourcecode.swift; path = "Date+Abbreviated.swift"; sourceTree = "<group>"; };
		E234688429574E1000EBDB57 /* AttributionFooterView.swift */ = {isa = PBXFileReference; lastKnownFileType = sourcecode.swift; path = AttributionFooterView.swift; sourceTree = "<group>"; };
		E2364D64295B1ACC0038FC50 /* LottieView.swift */ = {isa = PBXFileReference; lastKnownFileType = sourcecode.swift; path = LottieView.swift; sourceTree = "<group>"; };
		E2364D66295B1E4F0038FC50 /* TestLottieView.swift */ = {isa = PBXFileReference; lastKnownFileType = sourcecode.swift; path = TestLottieView.swift; sourceTree = "<group>"; };
		E2364D68295B1EC20038FC50 /* weather-icon-mostly-sunny.json */ = {isa = PBXFileReference; fileEncoding = 4; lastKnownFileType = text.json; path = "weather-icon-mostly-sunny.json"; sourceTree = "<group>"; };
		E2364D6C295C9B0E0038FC50 /* LocationRequestView.swift */ = {isa = PBXFileReference; lastKnownFileType = sourcecode.swift; path = LocationRequestView.swift; sourceTree = "<group>"; };
		E23A6D5529633B7A00A5FB3C /* HomeView.swift */ = {isa = PBXFileReference; lastKnownFileType = sourcecode.swift; path = HomeView.swift; sourceTree = "<group>"; };
		E23A6D57296340E100A5FB3C /* ErrorView.swift */ = {isa = PBXFileReference; lastKnownFileType = sourcecode.swift; path = ErrorView.swift; sourceTree = "<group>"; };
		E23A6D6B2966E9F700A5FB3C /* Double+ToInt.swift */ = {isa = PBXFileReference; lastKnownFileType = sourcecode.swift; path = "Double+ToInt.swift"; sourceTree = "<group>"; };
		E23A6D6D296B6D7C00A5FB3C /* MainView.swift */ = {isa = PBXFileReference; lastKnownFileType = sourcecode.swift; path = MainView.swift; sourceTree = "<group>"; };
		E23A6D6F296B6FCA00A5FB3C /* FavoriteView.swift */ = {isa = PBXFileReference; lastKnownFileType = sourcecode.swift; path = FavoriteView.swift; sourceTree = "<group>"; };
		E23A6D71296B6FE800A5FB3C /* SettingsView.swift */ = {isa = PBXFileReference; lastKnownFileType = sourcecode.swift; path = SettingsView.swift; sourceTree = "<group>"; };
		E23A6D77296C0E1800A5FB3C /* CurrentForecastView.swift */ = {isa = PBXFileReference; lastKnownFileType = sourcecode.swift; path = CurrentForecastView.swift; sourceTree = "<group>"; };
		E23A6D79296C112B00A5FB3C /* Color+FromHex.swift */ = {isa = PBXFileReference; lastKnownFileType = sourcecode.swift; path = "Color+FromHex.swift"; sourceTree = "<group>"; };
		E24579F62957568000794889 /* HourlyForecastChartView.swift */ = {isa = PBXFileReference; lastKnownFileType = sourcecode.swift; path = HourlyForecastChartView.swift; sourceTree = "<group>"; };
		E24579F8295756BE00794889 /* DailyForecastView.swift */ = {isa = PBXFileReference; lastKnownFileType = sourcecode.swift; path = DailyForecastView.swift; sourceTree = "<group>"; };
		E24579FA2957613000794889 /* Style.swift */ = {isa = PBXFileReference; lastKnownFileType = sourcecode.swift; path = Style.swift; sourceTree = "<group>"; };
		E24579FE29576CCE00794889 /* WeatherModel.swift */ = {isa = PBXFileReference; lastKnownFileType = sourcecode.swift; path = WeatherModel.swift; sourceTree = "<group>"; };
		E2457A0029576DC300794889 /* Place.swift */ = {isa = PBXFileReference; lastKnownFileType = sourcecode.swift; path = Place.swift; sourceTree = "<group>"; };
		E2457A0629577CC200794889 /* JSONFileLoader.swift */ = {isa = PBXFileReference; fileEncoding = 4; lastKnownFileType = sourcecode.swift; path = JSONFileLoader.swift; sourceTree = "<group>"; };
		E2457A0A29577CCF00794889 /* NetworkReachabilityManager.swift */ = {isa = PBXFileReference; fileEncoding = 4; lastKnownFileType = sourcecode.swift; path = NetworkReachabilityManager.swift; sourceTree = "<group>"; };
		E2457A0C29577CCF00794889 /* AppStoreReviewNotifier.swift */ = {isa = PBXFileReference; fileEncoding = 4; lastKnownFileType = sourcecode.swift; path = AppStoreReviewNotifier.swift; sourceTree = "<group>"; };
		E2457A0D29577CCF00794889 /* ReviewDesirableMomentType.swift */ = {isa = PBXFileReference; fileEncoding = 4; lastKnownFileType = sourcecode.swift; path = ReviewDesirableMomentType.swift; sourceTree = "<group>"; };
		E2457A0E29577CCF00794889 /* StoreReviewConfig.swift */ = {isa = PBXFileReference; fileEncoding = 4; lastKnownFileType = sourcecode.swift; path = StoreReviewConfig.swift; sourceTree = "<group>"; };
		E2457A0F29577CCF00794889 /* AppStoreReviewManager.swift */ = {isa = PBXFileReference; fileEncoding = 4; lastKnownFileType = sourcecode.swift; path = AppStoreReviewManager.swift; sourceTree = "<group>"; };
		E2457A1029577CCF00794889 /* AppStoreReviewStorageKey.swift */ = {isa = PBXFileReference; fileEncoding = 4; lastKnownFileType = sourcecode.swift; path = AppStoreReviewStorageKey.swift; sourceTree = "<group>"; };
		E2457A1229577CCF00794889 /* AppStoreReviewObserverEventResponder.swift */ = {isa = PBXFileReference; fileEncoding = 4; lastKnownFileType = sourcecode.swift; path = AppStoreReviewObserverEventResponder.swift; sourceTree = "<group>"; };
		E2457A1329577CCF00794889 /* AppStoreReviewUserInfoKey.swift */ = {isa = PBXFileReference; fileEncoding = 4; lastKnownFileType = sourcecode.swift; path = AppStoreReviewUserInfoKey.swift; sourceTree = "<group>"; };
		E2457A1429577CCF00794889 /* AppStoreReviewNotificationName.swift */ = {isa = PBXFileReference; fileEncoding = 4; lastKnownFileType = sourcecode.swift; path = AppStoreReviewNotificationName.swift; sourceTree = "<group>"; };
		E2457A1529577CCF00794889 /* AppStoreReviewObserver.swift */ = {isa = PBXFileReference; fileEncoding = 4; lastKnownFileType = sourcecode.swift; path = AppStoreReviewObserver.swift; sourceTree = "<group>"; };
		E2457A2629577FE400794889 /* Bundle+ApplicationInfo.swift */ = {isa = PBXFileReference; lastKnownFileType = sourcecode.swift; path = "Bundle+ApplicationInfo.swift"; sourceTree = "<group>"; };
		E2457A282957801200794889 /* InvalidReference.swift */ = {isa = PBXFileReference; lastKnownFileType = sourcecode.swift; path = InvalidReference.swift; sourceTree = "<group>"; };
		E2457A2A2958CF9200794889 /* DataDecoder.swift */ = {isa = PBXFileReference; lastKnownFileType = sourcecode.swift; path = DataDecoder.swift; sourceTree = "<group>"; };
		E2457A2C2958D3FB00794889 /* mock_places.json */ = {isa = PBXFileReference; fileEncoding = 4; lastKnownFileType = text.json; path = mock_places.json; sourceTree = "<group>"; };
		E2457A2F2958E49800794889 /* PlaceData.swift */ = {isa = PBXFileReference; lastKnownFileType = sourcecode.swift; path = PlaceData.swift; sourceTree = "<group>"; };
		E2457A312958EA7100794889 /* PlistFileLoader.swift */ = {isa = PBXFileReference; fileEncoding = 4; lastKnownFileType = sourcecode.swift; path = PlistFileLoader.swift; sourceTree = "<group>"; };
		E2457A332958EAF900794889 /* StoreReviewConfig.plist */ = {isa = PBXFileReference; fileEncoding = 4; lastKnownFileType = text.plist.xml; path = StoreReviewConfig.plist; sourceTree = "<group>"; };
		E2457A362958EE2000794889 /* UserDefaultsWrapped.swift */ = {isa = PBXFileReference; lastKnownFileType = sourcecode.swift; path = UserDefaultsWrapped.swift; sourceTree = "<group>"; };
		E2457A382958EE2500794889 /* UserDefaultsWrappedKey.swift */ = {isa = PBXFileReference; lastKnownFileType = sourcecode.swift; path = UserDefaultsWrappedKey.swift; sourceTree = "<group>"; };
		E271BB38296ED9830003268C /* CurrentConditionView.swift */ = {isa = PBXFileReference; lastKnownFileType = sourcecode.swift; path = CurrentConditionView.swift; sourceTree = "<group>"; };
		E271BB3A296EDA3B0003268C /* CurrentConditionDetailsView.swift */ = {isa = PBXFileReference; lastKnownFileType = sourcecode.swift; path = CurrentConditionDetailsView.swift; sourceTree = "<group>"; };
		E27BECCF29706F9600CABE47 /* WeatherViewModel.swift */ = {isa = PBXFileReference; lastKnownFileType = sourcecode.swift; path = WeatherViewModel.swift; sourceTree = "<group>"; };
		E27BECD129706FA900CABE47 /* HourlyForecastChartViewModel.swift */ = {isa = PBXFileReference; lastKnownFileType = sourcecode.swift; path = HourlyForecastChartViewModel.swift; sourceTree = "<group>"; };
		E27BECD32972D04C00CABE47 /* WelcomeView.swift */ = {isa = PBXFileReference; lastKnownFileType = sourcecode.swift; path = WelcomeView.swift; sourceTree = "<group>"; };
		E27BECD52972E24300CABE47 /* LocationServiceStatusView.swift */ = {isa = PBXFileReference; lastKnownFileType = sourcecode.swift; path = LocationServiceStatusView.swift; sourceTree = "<group>"; };
		E27BECD72972EE0600CABE47 /* OnbaoardingManager.swift */ = {isa = PBXFileReference; lastKnownFileType = sourcecode.swift; path = OnbaoardingManager.swift; sourceTree = "<group>"; };
		E27BECD92972EEAD00CABE47 /* NetworkServiceStatusView.swift */ = {isa = PBXFileReference; lastKnownFileType = sourcecode.swift; path = NetworkServiceStatusView.swift; sourceTree = "<group>"; };
		E27BECDB29746EA700CABE47 /* DailyForecastViewModel.swift */ = {isa = PBXFileReference; lastKnownFileType = sourcecode.swift; path = DailyForecastViewModel.swift; sourceTree = "<group>"; };
		E27BECDD297479A100CABE47 /* HomeViewModel.swift */ = {isa = PBXFileReference; lastKnownFileType = sourcecode.swift; path = HomeViewModel.swift; sourceTree = "<group>"; };
		E2A729FF293B8F4A00A01544 /* Lucid.app */ = {isa = PBXFileReference; explicitFileType = wrapper.application; includeInIndex = 0; path = Lucid.app; sourceTree = BUILT_PRODUCTS_DIR; };
		E2A72A02293B8F4A00A01544 /* LucidApp.swift */ = {isa = PBXFileReference; lastKnownFileType = sourcecode.swift; path = LucidApp.swift; sourceTree = "<group>"; };
		E2A72A06293B8F4B00A01544 /* Assets.xcassets */ = {isa = PBXFileReference; lastKnownFileType = folder.assetcatalog; path = Assets.xcassets; sourceTree = "<group>"; };
		E2A72A09293B8F4B00A01544 /* Preview Assets.xcassets */ = {isa = PBXFileReference; lastKnownFileType = folder.assetcatalog; path = "Preview Assets.xcassets"; sourceTree = "<group>"; };
		E2A72A0F293B8F4B00A01544 /* LucidTests.xctest */ = {isa = PBXFileReference; explicitFileType = wrapper.cfbundle; includeInIndex = 0; path = LucidTests.xctest; sourceTree = BUILT_PRODUCTS_DIR; };
		E2A72A13293B8F4B00A01544 /* LucidTests.swift */ = {isa = PBXFileReference; lastKnownFileType = sourcecode.swift; path = LucidTests.swift; sourceTree = "<group>"; };
		E2A72A19293B8F4B00A01544 /* LucidUITests.xctest */ = {isa = PBXFileReference; explicitFileType = wrapper.cfbundle; includeInIndex = 0; path = LucidUITests.xctest; sourceTree = BUILT_PRODUCTS_DIR; };
		E2A72A1D293B8F4B00A01544 /* LucidUITests.swift */ = {isa = PBXFileReference; lastKnownFileType = sourcecode.swift; path = LucidUITests.swift; sourceTree = "<group>"; };
		E2A72A1F293B8F4B00A01544 /* LucidUITestsLaunchTests.swift */ = {isa = PBXFileReference; lastKnownFileType = sourcecode.swift; path = LucidUITestsLaunchTests.swift; sourceTree = "<group>"; };
		E2A72A32293B8FA600A01544 /* HTTPClient.swift */ = {isa = PBXFileReference; fileEncoding = 4; lastKnownFileType = sourcecode.swift; path = HTTPClient.swift; sourceTree = "<group>"; };
		E2A72A33293B8FA600A01544 /* RequestMethod.swift */ = {isa = PBXFileReference; fileEncoding = 4; lastKnownFileType = sourcecode.swift; path = RequestMethod.swift; sourceTree = "<group>"; };
		E2A72A34293B8FA600A01544 /* RequestError.swift */ = {isa = PBXFileReference; fileEncoding = 4; lastKnownFileType = sourcecode.swift; path = RequestError.swift; sourceTree = "<group>"; };
		E2A72A35293B8FA600A01544 /* Endpoint.swift */ = {isa = PBXFileReference; fileEncoding = 4; lastKnownFileType = sourcecode.swift; path = Endpoint.swift; sourceTree = "<group>"; };
		E2A72A36293B8FA600A01544 /* LocationManager.swift */ = {isa = PBXFileReference; fileEncoding = 4; lastKnownFileType = sourcecode.swift; path = LocationManager.swift; sourceTree = "<group>"; };
		E2A72A43293B916800A01544 /* NetworkService.swift */ = {isa = PBXFileReference; lastKnownFileType = sourcecode.swift; path = NetworkService.swift; sourceTree = "<group>"; };
		E2A72A452944C2B100A01544 /* Lucid.entitlements */ = {isa = PBXFileReference; lastKnownFileType = text.plist.entitlements; path = Lucid.entitlements; sourceTree = "<group>"; };
		E2A72A482944DAE600A01544 /* WeatherServiceable.swift */ = {isa = PBXFileReference; lastKnownFileType = sourcecode.swift; path = WeatherServiceable.swift; sourceTree = "<group>"; };
		E2A72A4A2944DB9B00A01544 /* WeatherEndpoint.swift */ = {isa = PBXFileReference; fileEncoding = 4; lastKnownFileType = sourcecode.swift; path = WeatherEndpoint.swift; sourceTree = "<group>"; };
		E2A72A4C2944DCAB00A01544 /* Info.plist */ = {isa = PBXFileReference; lastKnownFileType = text.plist; path = Info.plist; sourceTree = "<group>"; };
		E2DF15E82975DBC900E1F9DE /* YourLocationView.swift */ = {isa = PBXFileReference; lastKnownFileType = sourcecode.swift; path = YourLocationView.swift; sourceTree = "<group>"; };
		E2E326F5296C842E003690CD /* mock_apple_weather_attribution.json */ = {isa = PBXFileReference; fileEncoding = 4; lastKnownFileType = text.json; path = mock_apple_weather_attribution.json; sourceTree = "<group>"; };
		E2E326F6296C842E003690CD /* mock_san_francisco_daily_weather.json */ = {isa = PBXFileReference; fileEncoding = 4; lastKnownFileType = text.json; path = mock_san_francisco_daily_weather.json; sourceTree = "<group>"; };
		E2E326F7296C842E003690CD /* mock_san_francisco_hourly_weather.json */ = {isa = PBXFileReference; fileEncoding = 4; lastKnownFileType = text.json; path = mock_san_francisco_hourly_weather.json; sourceTree = "<group>"; };
		E2E326F8296C842E003690CD /* mock_san_francisco_current_weather.json */ = {isa = PBXFileReference; fileEncoding = 4; lastKnownFileType = text.json; path = mock_san_francisco_current_weather.json; sourceTree = "<group>"; };
		E2E326FD296CB805003690CD /* DayDurationProgressView.swift */ = {isa = PBXFileReference; lastKnownFileType = sourcecode.swift; path = DayDurationProgressView.swift; sourceTree = "<group>"; };
/* End PBXFileReference section */

/* Begin PBXFrameworksBuildPhase section */
		E2A729FC293B8F4A00A01544 /* Frameworks */ = {
			isa = PBXFrameworksBuildPhase;
			buildActionMask = 2147483647;
			files = (
				E2457A2229577D8200794889 /* Reachability in Frameworks */,
				E2364D62295B1A7F0038FC50 /* Lottie in Frameworks */,
			);
			runOnlyForDeploymentPostprocessing = 0;
		};
		E2A72A0C293B8F4B00A01544 /* Frameworks */ = {
			isa = PBXFrameworksBuildPhase;
			buildActionMask = 2147483647;
			files = (
			);
			runOnlyForDeploymentPostprocessing = 0;
		};
		E2A72A16293B8F4B00A01544 /* Frameworks */ = {
			isa = PBXFrameworksBuildPhase;
			buildActionMask = 2147483647;
			files = (
			);
			runOnlyForDeploymentPostprocessing = 0;
		};
/* End PBXFrameworksBuildPhase section */

/* Begin PBXGroup section */
		E233E3A229511043001870F8 /* Extensions */ = {
			isa = PBXGroup;
			children = (
				E233E3A329511054001870F8 /* Date+Abbreviated.swift */,
				E2457A2629577FE400794889 /* Bundle+ApplicationInfo.swift */,
				E23A6D6B2966E9F700A5FB3C /* Double+ToInt.swift */,
				E23A6D79296C112B00A5FB3C /* Color+FromHex.swift */,
			);
			path = Extensions;
			sourceTree = "<group>";
		};
		E2364D63295B1A890038FC50 /* LottieAssets */ = {
			isa = PBXGroup;
			children = (
				E2364D68295B1EC20038FC50 /* weather-icon-mostly-sunny.json */,
			);
			path = LottieAssets;
			sourceTree = "<group>";
		};
		E23A6D73296B755600A5FB3C /* Home */ = {
			isa = PBXGroup;
			children = (
				E23A6D5529633B7A00A5FB3C /* HomeView.swift */,
				E271BB37296ED9520003268C /* CurrentForecast */,
				E24579F62957568000794889 /* HourlyForecastChartView.swift */,
				E24579F8295756BE00794889 /* DailyForecastView.swift */,
				E2E326FD296CB805003690CD /* DayDurationProgressView.swift */,
			);
			path = Home;
			sourceTree = "<group>";
		};
		E23A6D74296B756200A5FB3C /* Favorite */ = {
			isa = PBXGroup;
			children = (
				E23A6D6F296B6FCA00A5FB3C /* FavoriteView.swift */,
			);
			path = Favorite;
			sourceTree = "<group>";
		};
		E23A6D75296B756D00A5FB3C /* Settings */ = {
			isa = PBXGroup;
			children = (
				E23A6D71296B6FE800A5FB3C /* SettingsView.swift */,
				E2DF15E82975DBC900E1F9DE /* YourLocationView.swift */,
			);
			path = Settings;
			sourceTree = "<group>";
		};
		E2457A0229577BE300794889 /* Resources */ = {
			isa = PBXGroup;
			children = (
				E2364D63295B1A890038FC50 /* LottieAssets */,
				E2457A2E2958D40700794889 /* MockData */,
				E2457A332958EAF900794889 /* StoreReviewConfig.plist */,
				E2A72A06293B8F4B00A01544 /* Assets.xcassets */,
				E2A72A452944C2B100A01544 /* Lucid.entitlements */,
			);
			path = Resources;
			sourceTree = "<group>";
		};
		E2457A0529577C7200794889 /* DataLoader */ = {
			isa = PBXGroup;
			children = (
				E2457A2A2958CF9200794889 /* DataDecoder.swift */,
				E2457A312958EA7100794889 /* PlistFileLoader.swift */,
				E2457A0629577CC200794889 /* JSONFileLoader.swift */,
			);
			path = DataLoader;
			sourceTree = "<group>";
		};
		E2457A0B29577CCF00794889 /* StoreReview */ = {
			isa = PBXGroup;
			children = (
				E2457A0C29577CCF00794889 /* AppStoreReviewNotifier.swift */,
				E2457A0D29577CCF00794889 /* ReviewDesirableMomentType.swift */,
				E2457A0E29577CCF00794889 /* StoreReviewConfig.swift */,
				E2457A0F29577CCF00794889 /* AppStoreReviewManager.swift */,
				E2457A1029577CCF00794889 /* AppStoreReviewStorageKey.swift */,
				E2457A1129577CCF00794889 /* AppStoreReviewObserver */,
			);
			path = StoreReview;
			sourceTree = "<group>";
		};
		E2457A1129577CCF00794889 /* AppStoreReviewObserver */ = {
			isa = PBXGroup;
			children = (
				E2457A1229577CCF00794889 /* AppStoreReviewObserverEventResponder.swift */,
				E2457A1329577CCF00794889 /* AppStoreReviewUserInfoKey.swift */,
				E2457A1429577CCF00794889 /* AppStoreReviewNotificationName.swift */,
				E2457A1529577CCF00794889 /* AppStoreReviewObserver.swift */,
			);
			path = AppStoreReviewObserver;
			sourceTree = "<group>";
		};
		E2457A2329577F2A00794889 /* Errors */ = {
			isa = PBXGroup;
			children = (
			);
			path = Errors;
			sourceTree = "<group>";
		};
		E2457A2E2958D40700794889 /* MockData */ = {
			isa = PBXGroup;
			children = (
				E2E326F5296C842E003690CD /* mock_apple_weather_attribution.json */,
				E2E326F8296C842E003690CD /* mock_san_francisco_current_weather.json */,
				E2E326F6296C842E003690CD /* mock_san_francisco_daily_weather.json */,
				E2E326F7296C842E003690CD /* mock_san_francisco_hourly_weather.json */,
				E2457A2C2958D3FB00794889 /* mock_places.json */,
			);
			path = MockData;
			sourceTree = "<group>";
		};
		E2457A352958EE1400794889 /* UserDefaultsWrapped */ = {
			isa = PBXGroup;
			children = (
				E2457A362958EE2000794889 /* UserDefaultsWrapped.swift */,
				E2457A382958EE2500794889 /* UserDefaultsWrappedKey.swift */,
			);
			path = UserDefaultsWrapped;
			sourceTree = "<group>";
		};
		E271BB37296ED9520003268C /* CurrentForecast */ = {
			isa = PBXGroup;
			children = (
				E23A6D77296C0E1800A5FB3C /* CurrentForecastView.swift */,
				E271BB38296ED9830003268C /* CurrentConditionView.swift */,
				E271BB3A296EDA3B0003268C /* CurrentConditionDetailsView.swift */,
			);
			path = CurrentForecast;
			sourceTree = "<group>";
		};
		E27BECCE29706F8100CABE47 /* ViewModels */ = {
			isa = PBXGroup;
			children = (
				E27BECCF29706F9600CABE47 /* WeatherViewModel.swift */,
				E27BECD129706FA900CABE47 /* HourlyForecastChartViewModel.swift */,
				E27BECDB29746EA700CABE47 /* DailyForecastViewModel.swift */,
				E27BECDD297479A100CABE47 /* HomeViewModel.swift */,
			);
			path = ViewModels;
			sourceTree = "<group>";
		};
		E2A729F6293B8F4A00A01544 = {
			isa = PBXGroup;
			children = (
				E2A72A01293B8F4A00A01544 /* Lucid */,
				E2A72A12293B8F4B00A01544 /* LucidTests */,
				E2A72A1C293B8F4B00A01544 /* LucidUITests */,
				E2A72A00293B8F4A00A01544 /* Products */,
			);
			sourceTree = "<group>";
		};
		E2A72A00293B8F4A00A01544 /* Products */ = {
			isa = PBXGroup;
			children = (
				E2A729FF293B8F4A00A01544 /* Lucid.app */,
				E2A72A0F293B8F4B00A01544 /* LucidTests.xctest */,
				E2A72A19293B8F4B00A01544 /* LucidUITests.xctest */,
			);
			name = Products;
			sourceTree = "<group>";
		};
		E2A72A01293B8F4A00A01544 /* Lucid */ = {
			isa = PBXGroup;
			children = (
				E2A72A02293B8F4A00A01544 /* LucidApp.swift */,
				E2A72A4C2944DCAB00A01544 /* Info.plist */,
				E2A72A2C293B8FA600A01544 /* Core */,
				E2A72A3A293B8FA600A01544 /* Models */,
				E2A72A37293B8FA600A01544 /* Views */,
				E27BECCE29706F8100CABE47 /* ViewModels */,
				E2457A0229577BE300794889 /* Resources */,
				E2A72A08293B8F4B00A01544 /* Preview Content */,
			);
			path = Lucid;
			sourceTree = "<group>";
		};
		E2A72A08293B8F4B00A01544 /* Preview Content */ = {
			isa = PBXGroup;
			children = (
				E2A72A09293B8F4B00A01544 /* Preview Assets.xcassets */,
			);
			path = "Preview Content";
			sourceTree = "<group>";
		};
		E2A72A12293B8F4B00A01544 /* LucidTests */ = {
			isa = PBXGroup;
			children = (
				E2A72A13293B8F4B00A01544 /* LucidTests.swift */,
			);
			path = LucidTests;
			sourceTree = "<group>";
		};
		E2A72A1C293B8F4B00A01544 /* LucidUITests */ = {
			isa = PBXGroup;
			children = (
				E2A72A1D293B8F4B00A01544 /* LucidUITests.swift */,
				E2A72A1F293B8F4B00A01544 /* LucidUITestsLaunchTests.swift */,
			);
			path = LucidUITests;
			sourceTree = "<group>";
		};
		E2A72A2C293B8FA600A01544 /* Core */ = {
			isa = PBXGroup;
			children = (
				E2A72A2D293B8FA600A01544 /* Network */,
				E2457A352958EE1400794889 /* UserDefaultsWrapped */,
				E2457A2329577F2A00794889 /* Errors */,
				E2457A0B29577CCF00794889 /* StoreReview */,
				E2457A0529577C7200794889 /* DataLoader */,
				E233E3A229511043001870F8 /* Extensions */,
				E27BECD72972EE0600CABE47 /* OnbaoardingManager.swift */,
				E2A72A36293B8FA600A01544 /* LocationManager.swift */,
				E2457A0A29577CCF00794889 /* NetworkReachabilityManager.swift */,
				E24579FA2957613000794889 /* Style.swift */,
				E2457A282957801200794889 /* InvalidReference.swift */,
				E2364D64295B1ACC0038FC50 /* LottieView.swift */,
			);
			path = Core;
			sourceTree = "<group>";
		};
		E2A72A2D293B8FA600A01544 /* Network */ = {
			isa = PBXGroup;
			children = (
				E2A72A2E293B8FA600A01544 /* Endpoint */,
				E2A72A30293B8FA600A01544 /* Service */,
				E2A72A31293B8FA600A01544 /* Base */,
			);
			path = Network;
			sourceTree = "<group>";
		};
		E2A72A2E293B8FA600A01544 /* Endpoint */ = {
			isa = PBXGroup;
			children = (
				E2A72A4A2944DB9B00A01544 /* WeatherEndpoint.swift */,
			);
			path = Endpoint;
			sourceTree = "<group>";
		};
		E2A72A30293B8FA600A01544 /* Service */ = {
			isa = PBXGroup;
			children = (
				E2A72A43293B916800A01544 /* NetworkService.swift */,
				E2A72A482944DAE600A01544 /* WeatherServiceable.swift */,
			);
			path = Service;
			sourceTree = "<group>";
		};
		E2A72A31293B8FA600A01544 /* Base */ = {
			isa = PBXGroup;
			children = (
				E2A72A32293B8FA600A01544 /* HTTPClient.swift */,
				E2A72A33293B8FA600A01544 /* RequestMethod.swift */,
				E2A72A34293B8FA600A01544 /* RequestError.swift */,
				E2A72A35293B8FA600A01544 /* Endpoint.swift */,
			);
			path = Base;
			sourceTree = "<group>";
		};
		E2A72A37293B8FA600A01544 /* Views */ = {
			isa = PBXGroup;
			children = (
				E23A6D6D296B6D7C00A5FB3C /* MainView.swift */,
				E23A6D57296340E100A5FB3C /* ErrorView.swift */,
				E27BECD32972D04C00CABE47 /* WelcomeView.swift */,
				E27BECD52972E24300CABE47 /* LocationServiceStatusView.swift */,
				E27BECD92972EEAD00CABE47 /* NetworkServiceStatusView.swift */,
				E2364D6C295C9B0E0038FC50 /* LocationRequestView.swift */,
				E234688429574E1000EBDB57 /* AttributionFooterView.swift */,
				E2364D66295B1E4F0038FC50 /* TestLottieView.swift */,
				E23A6D73296B755600A5FB3C /* Home */,
				E23A6D74296B756200A5FB3C /* Favorite */,
				E23A6D75296B756D00A5FB3C /* Settings */,
			);
			path = Views;
			sourceTree = "<group>";
		};
		E2A72A3A293B8FA600A01544 /* Models */ = {
			isa = PBXGroup;
			children = (
				E24579FE29576CCE00794889 /* WeatherModel.swift */,
				E2457A0029576DC300794889 /* Place.swift */,
				E2457A2F2958E49800794889 /* PlaceData.swift */,
			);
			path = Models;
			sourceTree = "<group>";
		};
/* End PBXGroup section */

/* Begin PBXNativeTarget section */
		E2A729FE293B8F4A00A01544 /* Lucid */ = {
			isa = PBXNativeTarget;
			buildConfigurationList = E2A72A23293B8F4B00A01544 /* Build configuration list for PBXNativeTarget "Lucid" */;
			buildPhases = (
				E2A729FB293B8F4A00A01544 /* Sources */,
				E2A729FC293B8F4A00A01544 /* Frameworks */,
				E2A729FD293B8F4A00A01544 /* Resources */,
			);
			buildRules = (
			);
			dependencies = (
			);
			name = Lucid;
			packageProductDependencies = (
				E2457A2129577D8200794889 /* Reachability */,
				E2364D61295B1A7F0038FC50 /* Lottie */,
			);
			productName = Lucid;
			productReference = E2A729FF293B8F4A00A01544 /* Lucid.app */;
			productType = "com.apple.product-type.application";
		};
		E2A72A0E293B8F4B00A01544 /* LucidTests */ = {
			isa = PBXNativeTarget;
			buildConfigurationList = E2A72A26293B8F4B00A01544 /* Build configuration list for PBXNativeTarget "LucidTests" */;
			buildPhases = (
				E2A72A0B293B8F4B00A01544 /* Sources */,
				E2A72A0C293B8F4B00A01544 /* Frameworks */,
				E2A72A0D293B8F4B00A01544 /* Resources */,
			);
			buildRules = (
			);
			dependencies = (
				E2A72A11293B8F4B00A01544 /* PBXTargetDependency */,
			);
			name = LucidTests;
			productName = LucidTests;
			productReference = E2A72A0F293B8F4B00A01544 /* LucidTests.xctest */;
			productType = "com.apple.product-type.bundle.unit-test";
		};
		E2A72A18293B8F4B00A01544 /* LucidUITests */ = {
			isa = PBXNativeTarget;
			buildConfigurationList = E2A72A29293B8F4B00A01544 /* Build configuration list for PBXNativeTarget "LucidUITests" */;
			buildPhases = (
				E2A72A15293B8F4B00A01544 /* Sources */,
				E2A72A16293B8F4B00A01544 /* Frameworks */,
				E2A72A17293B8F4B00A01544 /* Resources */,
			);
			buildRules = (
			);
			dependencies = (
				E2A72A1B293B8F4B00A01544 /* PBXTargetDependency */,
			);
			name = LucidUITests;
			productName = LucidUITests;
			productReference = E2A72A19293B8F4B00A01544 /* LucidUITests.xctest */;
			productType = "com.apple.product-type.bundle.ui-testing";
		};
/* End PBXNativeTarget section */

/* Begin PBXProject section */
		E2A729F7293B8F4A00A01544 /* Project object */ = {
			isa = PBXProject;
			attributes = {
				BuildIndependentTargetsInParallel = 1;
				LastSwiftUpdateCheck = 1410;
				LastUpgradeCheck = 1410;
				TargetAttributes = {
					E2A729FE293B8F4A00A01544 = {
						CreatedOnToolsVersion = 14.1;
					};
					E2A72A0E293B8F4B00A01544 = {
						CreatedOnToolsVersion = 14.1;
						TestTargetID = E2A729FE293B8F4A00A01544;
					};
					E2A72A18293B8F4B00A01544 = {
						CreatedOnToolsVersion = 14.1;
						TestTargetID = E2A729FE293B8F4A00A01544;
					};
				};
			};
			buildConfigurationList = E2A729FA293B8F4A00A01544 /* Build configuration list for PBXProject "Lucid" */;
			compatibilityVersion = "Xcode 14.0";
			developmentRegion = en;
			hasScannedForEncodings = 0;
			knownRegions = (
				en,
				Base,
			);
			mainGroup = E2A729F6293B8F4A00A01544;
			packageReferences = (
				E2457A2029577D8200794889 /* XCRemoteSwiftPackageReference "Reachability" */,
				E2364D60295B1A7F0038FC50 /* XCRemoteSwiftPackageReference "lottie-ios" */,
			);
			productRefGroup = E2A72A00293B8F4A00A01544 /* Products */;
			projectDirPath = "";
			projectRoot = "";
			targets = (
				E2A729FE293B8F4A00A01544 /* Lucid */,
				E2A72A0E293B8F4B00A01544 /* LucidTests */,
				E2A72A18293B8F4B00A01544 /* LucidUITests */,
			);
		};
/* End PBXProject section */

/* Begin PBXResourcesBuildPhase section */
		E2A729FD293B8F4A00A01544 /* Resources */ = {
			isa = PBXResourcesBuildPhase;
			buildActionMask = 2147483647;
			files = (
				E2457A342958EAF900794889 /* StoreReviewConfig.plist in Resources */,
				E2E326FB296C842E003690CD /* mock_san_francisco_hourly_weather.json in Resources */,
				E2E326FC296C842E003690CD /* mock_san_francisco_current_weather.json in Resources */,
				E2457A2D2958D3FB00794889 /* mock_places.json in Resources */,
				E2A72A0A293B8F4B00A01544 /* Preview Assets.xcassets in Resources */,
				E2E326FA296C842E003690CD /* mock_san_francisco_daily_weather.json in Resources */,
				E2A72A07293B8F4B00A01544 /* Assets.xcassets in Resources */,
				E2364D69295B1EC20038FC50 /* weather-icon-mostly-sunny.json in Resources */,
				E2E326F9296C842E003690CD /* mock_apple_weather_attribution.json in Resources */,
			);
			runOnlyForDeploymentPostprocessing = 0;
		};
		E2A72A0D293B8F4B00A01544 /* Resources */ = {
			isa = PBXResourcesBuildPhase;
			buildActionMask = 2147483647;
			files = (
			);
			runOnlyForDeploymentPostprocessing = 0;
		};
		E2A72A17293B8F4B00A01544 /* Resources */ = {
			isa = PBXResourcesBuildPhase;
			buildActionMask = 2147483647;
			files = (
			);
			runOnlyForDeploymentPostprocessing = 0;
		};
/* End PBXResourcesBuildPhase section */

/* Begin PBXSourcesBuildPhase section */
		E2A729FB293B8F4A00A01544 /* Sources */ = {
			isa = PBXSourcesBuildPhase;
			buildActionMask = 2147483647;
			files = (
				E2457A0829577CC200794889 /* JSONFileLoader.swift in Sources */,
				E23A6D72296B6FE800A5FB3C /* SettingsView.swift in Sources */,
				E271BB3B296EDA3B0003268C /* CurrentConditionDetailsView.swift in Sources */,
				E2364D65295B1ACC0038FC50 /* LottieView.swift in Sources */,
				E2A72A492944DAE600A01544 /* WeatherServiceable.swift in Sources */,
				E27BECD229706FA900CABE47 /* HourlyForecastChartViewModel.swift in Sources */,
				E2DF15E92975DBC900E1F9DE /* YourLocationView.swift in Sources */,
				E2A72A44293B916800A01544 /* NetworkService.swift in Sources */,
				E27BECD42972D04C00CABE47 /* WelcomeView.swift in Sources */,
				E27BECD82972EE0600CABE47 /* OnbaoardingManager.swift in Sources */,
				E24579F72957568000794889 /* HourlyForecastChartView.swift in Sources */,
				E2A72A3F293B8FA600A01544 /* Endpoint.swift in Sources */,
				E24579F9295756BE00794889 /* DailyForecastView.swift in Sources */,
				E233E3A429511054001870F8 /* Date+Abbreviated.swift in Sources */,
				E23A6D78296C0E1800A5FB3C /* CurrentForecastView.swift in Sources */,
				E2457A1729577CCF00794889 /* AppStoreReviewNotifier.swift in Sources */,
				E2457A292957801200794889 /* InvalidReference.swift in Sources */,
				E2A72A03293B8F4A00A01544 /* LucidApp.swift in Sources */,
				E2457A1B29577CCF00794889 /* AppStoreReviewStorageKey.swift in Sources */,
				E24579FB2957613000794889 /* Style.swift in Sources */,
				E27BECDE297479A100CABE47 /* HomeViewModel.swift in Sources */,
				E2457A1929577CCF00794889 /* StoreReviewConfig.swift in Sources */,
				E23A6D7A296C112B00A5FB3C /* Color+FromHex.swift in Sources */,
				E27BECDC29746EA700CABE47 /* DailyForecastViewModel.swift in Sources */,
				E271BB39296ED9830003268C /* CurrentConditionView.swift in Sources */,
				E2A72A4B2944DB9B00A01544 /* WeatherEndpoint.swift in Sources */,
				E2A72A3E293B8FA600A01544 /* RequestError.swift in Sources */,
				E23A6D6C2966E9F700A5FB3C /* Double+ToInt.swift in Sources */,
				E2457A1E29577CCF00794889 /* AppStoreReviewNotificationName.swift in Sources */,
				E2A72A40293B8FA600A01544 /* LocationManager.swift in Sources */,
				E2457A392958EE2500794889 /* UserDefaultsWrappedKey.swift in Sources */,
				E2457A372958EE2000794889 /* UserDefaultsWrapped.swift in Sources */,
				E2364D6D295C9B0E0038FC50 /* LocationRequestView.swift in Sources */,
				E27BECD029706F9600CABE47 /* WeatherViewModel.swift in Sources */,
				E2457A1D29577CCF00794889 /* AppStoreReviewUserInfoKey.swift in Sources */,
				E2457A1829577CCF00794889 /* ReviewDesirableMomentType.swift in Sources */,
				E2457A0129576DC300794889 /* Place.swift in Sources */,
				E2457A1C29577CCF00794889 /* AppStoreReviewObserverEventResponder.swift in Sources */,
				E23A6D6E296B6D7C00A5FB3C /* MainView.swift in Sources */,
				E2457A2B2958CF9200794889 /* DataDecoder.swift in Sources */,
				E23A6D58296340E100A5FB3C /* ErrorView.swift in Sources */,
				E234688529574E1000EBDB57 /* AttributionFooterView.swift in Sources */,
				E27BECD62972E24300CABE47 /* LocationServiceStatusView.swift in Sources */,
				E2457A322958EA7100794889 /* PlistFileLoader.swift in Sources */,
				E2457A1629577CCF00794889 /* NetworkReachabilityManager.swift in Sources */,
				E2457A302958E49800794889 /* PlaceData.swift in Sources */,
				E23A6D5629633B7A00A5FB3C /* HomeView.swift in Sources */,
				E2A72A3C293B8FA600A01544 /* HTTPClient.swift in Sources */,
				E2364D67295B1E4F0038FC50 /* TestLottieView.swift in Sources */,
				E2E326FE296CB805003690CD /* DayDurationProgressView.swift in Sources */,
				E2457A1A29577CCF00794889 /* AppStoreReviewManager.swift in Sources */,
				E24579FF29576CCE00794889 /* WeatherModel.swift in Sources */,
				E2457A1F29577CCF00794889 /* AppStoreReviewObserver.swift in Sources */,
				E2457A2729577FE400794889 /* Bundle+ApplicationInfo.swift in Sources */,
				E23A6D70296B6FCA00A5FB3C /* FavoriteView.swift in Sources */,
				E2A72A3D293B8FA600A01544 /* RequestMethod.swift in Sources */,
				E27BECDA2972EEAD00CABE47 /* NetworkServiceStatusView.swift in Sources */,
			);
			runOnlyForDeploymentPostprocessing = 0;
		};
		E2A72A0B293B8F4B00A01544 /* Sources */ = {
			isa = PBXSourcesBuildPhase;
			buildActionMask = 2147483647;
			files = (
				E2A72A14293B8F4B00A01544 /* LucidTests.swift in Sources */,
			);
			runOnlyForDeploymentPostprocessing = 0;
		};
		E2A72A15293B8F4B00A01544 /* Sources */ = {
			isa = PBXSourcesBuildPhase;
			buildActionMask = 2147483647;
			files = (
				E2A72A20293B8F4B00A01544 /* LucidUITestsLaunchTests.swift in Sources */,
				E2A72A1E293B8F4B00A01544 /* LucidUITests.swift in Sources */,
			);
			runOnlyForDeploymentPostprocessing = 0;
		};
/* End PBXSourcesBuildPhase section */

/* Begin PBXTargetDependency section */
		E2A72A11293B8F4B00A01544 /* PBXTargetDependency */ = {
			isa = PBXTargetDependency;
			target = E2A729FE293B8F4A00A01544 /* Lucid */;
			targetProxy = E2A72A10293B8F4B00A01544 /* PBXContainerItemProxy */;
		};
		E2A72A1B293B8F4B00A01544 /* PBXTargetDependency */ = {
			isa = PBXTargetDependency;
			target = E2A729FE293B8F4A00A01544 /* Lucid */;
			targetProxy = E2A72A1A293B8F4B00A01544 /* PBXContainerItemProxy */;
		};
/* End PBXTargetDependency section */

/* Begin XCBuildConfiguration section */
		E2A72A21293B8F4B00A01544 /* Debug */ = {
			isa = XCBuildConfiguration;
			buildSettings = {
				ALWAYS_SEARCH_USER_PATHS = NO;
				CLANG_ANALYZER_NONNULL = YES;
				CLANG_ANALYZER_NUMBER_OBJECT_CONVERSION = YES_AGGRESSIVE;
				CLANG_CXX_LANGUAGE_STANDARD = "gnu++20";
				CLANG_ENABLE_MODULES = YES;
				CLANG_ENABLE_OBJC_ARC = YES;
				CLANG_ENABLE_OBJC_WEAK = YES;
				CLANG_WARN_BLOCK_CAPTURE_AUTORELEASING = YES;
				CLANG_WARN_BOOL_CONVERSION = YES;
				CLANG_WARN_COMMA = YES;
				CLANG_WARN_CONSTANT_CONVERSION = YES;
				CLANG_WARN_DEPRECATED_OBJC_IMPLEMENTATIONS = YES;
				CLANG_WARN_DIRECT_OBJC_ISA_USAGE = YES_ERROR;
				CLANG_WARN_DOCUMENTATION_COMMENTS = YES;
				CLANG_WARN_EMPTY_BODY = YES;
				CLANG_WARN_ENUM_CONVERSION = YES;
				CLANG_WARN_INFINITE_RECURSION = YES;
				CLANG_WARN_INT_CONVERSION = YES;
				CLANG_WARN_NON_LITERAL_NULL_CONVERSION = YES;
				CLANG_WARN_OBJC_IMPLICIT_RETAIN_SELF = YES;
				CLANG_WARN_OBJC_LITERAL_CONVERSION = YES;
				CLANG_WARN_OBJC_ROOT_CLASS = YES_ERROR;
				CLANG_WARN_QUOTED_INCLUDE_IN_FRAMEWORK_HEADER = YES;
				CLANG_WARN_RANGE_LOOP_ANALYSIS = YES;
				CLANG_WARN_STRICT_PROTOTYPES = YES;
				CLANG_WARN_SUSPICIOUS_MOVE = YES;
				CLANG_WARN_UNGUARDED_AVAILABILITY = YES_AGGRESSIVE;
				CLANG_WARN_UNREACHABLE_CODE = YES;
				CLANG_WARN__DUPLICATE_METHOD_MATCH = YES;
				COPY_PHASE_STRIP = NO;
				DEBUG_INFORMATION_FORMAT = dwarf;
				ENABLE_STRICT_OBJC_MSGSEND = YES;
				ENABLE_TESTABILITY = YES;
				GCC_C_LANGUAGE_STANDARD = gnu11;
				GCC_DYNAMIC_NO_PIC = NO;
				GCC_NO_COMMON_BLOCKS = YES;
				GCC_OPTIMIZATION_LEVEL = 0;
				GCC_PREPROCESSOR_DEFINITIONS = (
					"DEBUG=1",
					"$(inherited)",
				);
				GCC_WARN_64_TO_32_BIT_CONVERSION = YES;
				GCC_WARN_ABOUT_RETURN_TYPE = YES_ERROR;
				GCC_WARN_UNDECLARED_SELECTOR = YES;
				GCC_WARN_UNINITIALIZED_AUTOS = YES_AGGRESSIVE;
				GCC_WARN_UNUSED_FUNCTION = YES;
				GCC_WARN_UNUSED_VARIABLE = YES;
				IPHONEOS_DEPLOYMENT_TARGET = 16.0;
				MTL_ENABLE_DEBUG_INFO = INCLUDE_SOURCE;
				MTL_FAST_MATH = YES;
				ONLY_ACTIVE_ARCH = YES;
				SDKROOT = iphoneos;
				SWIFT_ACTIVE_COMPILATION_CONDITIONS = DEBUG;
				SWIFT_OPTIMIZATION_LEVEL = "-Onone";
			};
			name = Debug;
		};
		E2A72A22293B8F4B00A01544 /* Release */ = {
			isa = XCBuildConfiguration;
			buildSettings = {
				ALWAYS_SEARCH_USER_PATHS = NO;
				CLANG_ANALYZER_NONNULL = YES;
				CLANG_ANALYZER_NUMBER_OBJECT_CONVERSION = YES_AGGRESSIVE;
				CLANG_CXX_LANGUAGE_STANDARD = "gnu++20";
				CLANG_ENABLE_MODULES = YES;
				CLANG_ENABLE_OBJC_ARC = YES;
				CLANG_ENABLE_OBJC_WEAK = YES;
				CLANG_WARN_BLOCK_CAPTURE_AUTORELEASING = YES;
				CLANG_WARN_BOOL_CONVERSION = YES;
				CLANG_WARN_COMMA = YES;
				CLANG_WARN_CONSTANT_CONVERSION = YES;
				CLANG_WARN_DEPRECATED_OBJC_IMPLEMENTATIONS = YES;
				CLANG_WARN_DIRECT_OBJC_ISA_USAGE = YES_ERROR;
				CLANG_WARN_DOCUMENTATION_COMMENTS = YES;
				CLANG_WARN_EMPTY_BODY = YES;
				CLANG_WARN_ENUM_CONVERSION = YES;
				CLANG_WARN_INFINITE_RECURSION = YES;
				CLANG_WARN_INT_CONVERSION = YES;
				CLANG_WARN_NON_LITERAL_NULL_CONVERSION = YES;
				CLANG_WARN_OBJC_IMPLICIT_RETAIN_SELF = YES;
				CLANG_WARN_OBJC_LITERAL_CONVERSION = YES;
				CLANG_WARN_OBJC_ROOT_CLASS = YES_ERROR;
				CLANG_WARN_QUOTED_INCLUDE_IN_FRAMEWORK_HEADER = YES;
				CLANG_WARN_RANGE_LOOP_ANALYSIS = YES;
				CLANG_WARN_STRICT_PROTOTYPES = YES;
				CLANG_WARN_SUSPICIOUS_MOVE = YES;
				CLANG_WARN_UNGUARDED_AVAILABILITY = YES_AGGRESSIVE;
				CLANG_WARN_UNREACHABLE_CODE = YES;
				CLANG_WARN__DUPLICATE_METHOD_MATCH = YES;
				COPY_PHASE_STRIP = NO;
				DEBUG_INFORMATION_FORMAT = "dwarf-with-dsym";
				ENABLE_NS_ASSERTIONS = NO;
				ENABLE_STRICT_OBJC_MSGSEND = YES;
				GCC_C_LANGUAGE_STANDARD = gnu11;
				GCC_NO_COMMON_BLOCKS = YES;
				GCC_WARN_64_TO_32_BIT_CONVERSION = YES;
				GCC_WARN_ABOUT_RETURN_TYPE = YES_ERROR;
				GCC_WARN_UNDECLARED_SELECTOR = YES;
				GCC_WARN_UNINITIALIZED_AUTOS = YES_AGGRESSIVE;
				GCC_WARN_UNUSED_FUNCTION = YES;
				GCC_WARN_UNUSED_VARIABLE = YES;
				IPHONEOS_DEPLOYMENT_TARGET = 16.0;
				MTL_ENABLE_DEBUG_INFO = NO;
				MTL_FAST_MATH = YES;
				SDKROOT = iphoneos;
				SWIFT_COMPILATION_MODE = wholemodule;
				SWIFT_OPTIMIZATION_LEVEL = "-O";
				VALIDATE_PRODUCT = YES;
			};
			name = Release;
		};
		E2A72A24293B8F4B00A01544 /* Debug */ = {
			isa = XCBuildConfiguration;
			buildSettings = {
				ASSETCATALOG_COMPILER_APPICON_NAME = "AppIcon${BUNDLE_ID_SUFFIX}";
				ASSETCATALOG_COMPILER_GLOBAL_ACCENT_COLOR_NAME = AccentColor;
				BUNDLE_ID_SUFFIX = .dev;
				CODE_SIGN_ENTITLEMENTS = Lucid/Resources/Lucid.entitlements;
				CODE_SIGN_STYLE = Automatic;
				CURRENT_PROJECT_VERSION = 1;
				DEVELOPMENT_ASSET_PATHS = "\"Lucid/Preview Content\"";
				DEVELOPMENT_TEAM = N3HG6C68EY;
				ENABLE_PREVIEWS = YES;
				GENERATE_INFOPLIST_FILE = YES;
				INFOPLIST_FILE = Lucid/Info.plist;
				INFOPLIST_KEY_CFBundleDisplayName = Lucid;
				INFOPLIST_KEY_LSApplicationCategoryType = "public.app-category.weather";
				INFOPLIST_KEY_NSLocationAlwaysAndWhenInUseUsageDescription = "Location is required to provide accurate forecast for your current location.";
				INFOPLIST_KEY_NSLocationAlwaysUsageDescription = "Location is required to provide accurate forecast for your current location.";
				INFOPLIST_KEY_NSLocationWhenInUseUsageDescription = "Location is required to provide accurate forecast for your current location.";
				INFOPLIST_KEY_UIApplicationSceneManifest_Generation = YES;
				INFOPLIST_KEY_UIApplicationSupportsIndirectInputEvents = YES;
				INFOPLIST_KEY_UILaunchScreen_Generation = YES;
				INFOPLIST_KEY_UISupportedInterfaceOrientations = "UIInterfaceOrientationPortrait UIInterfaceOrientationPortraitUpsideDown";
				IPHONEOS_DEPLOYMENT_TARGET = 16.0;
				LD_RUNPATH_SEARCH_PATHS = (
					"$(inherited)",
					"@executable_path/Frameworks",
				);
				MARKETING_VERSION = 1.0;
				PRODUCT_BUNDLE_IDENTIFIER = "milek.pawel.Lucid${BUNDLE_ID_SUFFIX}";
				PRODUCT_NAME = "$(TARGET_NAME)";
				SWIFT_EMIT_LOC_STRINGS = YES;
				SWIFT_VERSION = 5.0;
				TARGETED_DEVICE_FAMILY = "1,2";
			};
			name = Debug;
		};
		E2A72A25293B8F4B00A01544 /* Release */ = {
			isa = XCBuildConfiguration;
			buildSettings = {
				ASSETCATALOG_COMPILER_APPICON_NAME = AppIcon;
				ASSETCATALOG_COMPILER_GLOBAL_ACCENT_COLOR_NAME = AccentColor;
				BUNDLE_ID_SUFFIX = "";
				CODE_SIGN_ENTITLEMENTS = Lucid/Resources/Lucid.entitlements;
				CODE_SIGN_IDENTITY = "Apple Development";
				CODE_SIGN_STYLE = Automatic;
				CURRENT_PROJECT_VERSION = 1;
				DEVELOPMENT_ASSET_PATHS = "\"Lucid/Preview Content\"";
				DEVELOPMENT_TEAM = N3HG6C68EY;
				ENABLE_PREVIEWS = YES;
				GENERATE_INFOPLIST_FILE = YES;
				INFOPLIST_FILE = Lucid/Info.plist;
				INFOPLIST_KEY_CFBundleDisplayName = Lucid;
				INFOPLIST_KEY_LSApplicationCategoryType = "public.app-category.weather";
				INFOPLIST_KEY_NSLocationAlwaysAndWhenInUseUsageDescription = "Location is required to provide accurate forecast for your current location.";
				INFOPLIST_KEY_NSLocationAlwaysUsageDescription = "Location is required to provide accurate forecast for your current location.";
				INFOPLIST_KEY_NSLocationWhenInUseUsageDescription = "Location is required to provide accurate forecast for your current location.";
				INFOPLIST_KEY_UIApplicationSceneManifest_Generation = YES;
				INFOPLIST_KEY_UIApplicationSupportsIndirectInputEvents = YES;
				INFOPLIST_KEY_UILaunchScreen_Generation = YES;
				INFOPLIST_KEY_UISupportedInterfaceOrientations = "UIInterfaceOrientationPortrait UIInterfaceOrientationPortraitUpsideDown";
				IPHONEOS_DEPLOYMENT_TARGET = 16.0;
				LD_RUNPATH_SEARCH_PATHS = (
					"$(inherited)",
					"@executable_path/Frameworks",
				);
				MARKETING_VERSION = 1.0;
				PRODUCT_BUNDLE_IDENTIFIER = milek.pawel.Lucid;
				PRODUCT_NAME = "$(TARGET_NAME)";
				PROVISIONING_PROFILE_SPECIFIER = "";
				SWIFT_EMIT_LOC_STRINGS = YES;
				SWIFT_VERSION = 5.0;
				TARGETED_DEVICE_FAMILY = "1,2";
			};
			name = Release;
		};
		E2A72A27293B8F4B00A01544 /* Debug */ = {
			isa = XCBuildConfiguration;
			buildSettings = {
				ALWAYS_EMBED_SWIFT_STANDARD_LIBRARIES = YES;
				BUNDLE_LOADER = "$(TEST_HOST)";
				CODE_SIGN_STYLE = Automatic;
				CURRENT_PROJECT_VERSION = 1;
				DEVELOPMENT_TEAM = N3HG6C68EY;
				GENERATE_INFOPLIST_FILE = YES;
				IPHONEOS_DEPLOYMENT_TARGET = 16.1;
				MARKETING_VERSION = 1.0;
				PRODUCT_BUNDLE_IDENTIFIER = milek.pawel.LucidTests;
				PRODUCT_NAME = "$(TARGET_NAME)";
				SWIFT_EMIT_LOC_STRINGS = NO;
				SWIFT_VERSION = 5.0;
				TARGETED_DEVICE_FAMILY = "1,2";
				TEST_HOST = "$(BUILT_PRODUCTS_DIR)/Lucid.app/$(BUNDLE_EXECUTABLE_FOLDER_PATH)/Lucid";
			};
			name = Debug;
		};
		E2A72A28293B8F4B00A01544 /* Release */ = {
			isa = XCBuildConfiguration;
			buildSettings = {
				ALWAYS_EMBED_SWIFT_STANDARD_LIBRARIES = YES;
				BUNDLE_LOADER = "$(TEST_HOST)";
				CODE_SIGN_STYLE = Automatic;
				CURRENT_PROJECT_VERSION = 1;
				DEVELOPMENT_TEAM = N3HG6C68EY;
				GENERATE_INFOPLIST_FILE = YES;
				IPHONEOS_DEPLOYMENT_TARGET = 16.1;
				MARKETING_VERSION = 1.0;
				PRODUCT_BUNDLE_IDENTIFIER = milek.pawel.LucidTests;
				PRODUCT_NAME = "$(TARGET_NAME)";
				SWIFT_EMIT_LOC_STRINGS = NO;
				SWIFT_VERSION = 5.0;
				TARGETED_DEVICE_FAMILY = "1,2";
				TEST_HOST = "$(BUILT_PRODUCTS_DIR)/Lucid.app/$(BUNDLE_EXECUTABLE_FOLDER_PATH)/Lucid";
			};
			name = Release;
		};
		E2A72A2A293B8F4B00A01544 /* Debug */ = {
			isa = XCBuildConfiguration;
			buildSettings = {
				ALWAYS_EMBED_SWIFT_STANDARD_LIBRARIES = YES;
				CODE_SIGN_STYLE = Automatic;
				CURRENT_PROJECT_VERSION = 1;
				DEVELOPMENT_TEAM = N3HG6C68EY;
				GENERATE_INFOPLIST_FILE = YES;
				MARKETING_VERSION = 1.0;
				PRODUCT_BUNDLE_IDENTIFIER = milek.pawel.LucidUITests;
				PRODUCT_NAME = "$(TARGET_NAME)";
				SWIFT_EMIT_LOC_STRINGS = NO;
				SWIFT_VERSION = 5.0;
				TARGETED_DEVICE_FAMILY = "1,2";
				TEST_TARGET_NAME = Lucid;
			};
			name = Debug;
		};
		E2A72A2B293B8F4B00A01544 /* Release */ = {
			isa = XCBuildConfiguration;
			buildSettings = {
				ALWAYS_EMBED_SWIFT_STANDARD_LIBRARIES = YES;
				CODE_SIGN_STYLE = Automatic;
				CURRENT_PROJECT_VERSION = 1;
				DEVELOPMENT_TEAM = N3HG6C68EY;
				GENERATE_INFOPLIST_FILE = YES;
				MARKETING_VERSION = 1.0;
				PRODUCT_BUNDLE_IDENTIFIER = milek.pawel.LucidUITests;
				PRODUCT_NAME = "$(TARGET_NAME)";
				SWIFT_EMIT_LOC_STRINGS = NO;
				SWIFT_VERSION = 5.0;
				TARGETED_DEVICE_FAMILY = "1,2";
				TEST_TARGET_NAME = Lucid;
			};
			name = Release;
		};
/* End XCBuildConfiguration section */

/* Begin XCConfigurationList section */
		E2A729FA293B8F4A00A01544 /* Build configuration list for PBXProject "Lucid" */ = {
			isa = XCConfigurationList;
			buildConfigurations = (
				E2A72A21293B8F4B00A01544 /* Debug */,
				E2A72A22293B8F4B00A01544 /* Release */,
			);
			defaultConfigurationIsVisible = 0;
			defaultConfigurationName = Release;
		};
		E2A72A23293B8F4B00A01544 /* Build configuration list for PBXNativeTarget "Lucid" */ = {
			isa = XCConfigurationList;
			buildConfigurations = (
				E2A72A24293B8F4B00A01544 /* Debug */,
				E2A72A25293B8F4B00A01544 /* Release */,
			);
			defaultConfigurationIsVisible = 0;
			defaultConfigurationName = Release;
		};
		E2A72A26293B8F4B00A01544 /* Build configuration list for PBXNativeTarget "LucidTests" */ = {
			isa = XCConfigurationList;
			buildConfigurations = (
				E2A72A27293B8F4B00A01544 /* Debug */,
				E2A72A28293B8F4B00A01544 /* Release */,
			);
			defaultConfigurationIsVisible = 0;
			defaultConfigurationName = Release;
		};
		E2A72A29293B8F4B00A01544 /* Build configuration list for PBXNativeTarget "LucidUITests" */ = {
			isa = XCConfigurationList;
			buildConfigurations = (
				E2A72A2A293B8F4B00A01544 /* Debug */,
				E2A72A2B293B8F4B00A01544 /* Release */,
			);
			defaultConfigurationIsVisible = 0;
			defaultConfigurationName = Release;
		};
/* End XCConfigurationList section */

/* Begin XCRemoteSwiftPackageReference section */
		E2364D60295B1A7F0038FC50 /* XCRemoteSwiftPackageReference "lottie-ios" */ = {
			isa = XCRemoteSwiftPackageReference;
			repositoryURL = "https://github.com/airbnb/lottie-ios";
			requirement = {
				kind = upToNextMajorVersion;
				minimumVersion = 4.0.0;
			};
		};
		E2457A2029577D8200794889 /* XCRemoteSwiftPackageReference "Reachability" */ = {
			isa = XCRemoteSwiftPackageReference;
			repositoryURL = "https://github.com/ashleymills/Reachability.swift";
			requirement = {
				branch = master;
				kind = branch;
			};
		};
/* End XCRemoteSwiftPackageReference section */

/* Begin XCSwiftPackageProductDependency section */
		E2364D61295B1A7F0038FC50 /* Lottie */ = {
			isa = XCSwiftPackageProductDependency;
			package = E2364D60295B1A7F0038FC50 /* XCRemoteSwiftPackageReference "lottie-ios" */;
			productName = Lottie;
		};
		E2457A2129577D8200794889 /* Reachability */ = {
			isa = XCSwiftPackageProductDependency;
			package = E2457A2029577D8200794889 /* XCRemoteSwiftPackageReference "Reachability" */;
			productName = Reachability;
		};
/* End XCSwiftPackageProductDependency section */
	};
	rootObject = E2A729F7293B8F4A00A01544 /* Project object */;
}
